
Microsoft Visual Studio Solution File, Format Version 12.00
# Visual Studio Version 17
VisualStudioVersion = 17.7.34018.315
MinimumVisualStudioVersion = 10.0.40219.1
Project("{FAE04EC0-301F-11D3-BF4B-00C04F79EFBC}") = "StripeDemo", "StripeDemo\StripeDemo.csproj", "{C4A5EDB9-BEEC-4832-AFE2-E43B5668F416}"
EndProject
Global
	GlobalSection(SolutionConfigurationPlatforms) = preSolution
		Debug|Any CPU = Debug|Any CPU
		Release|Any CPU = Release|Any CPU
	EndGlobalSection
	GlobalSection(ProjectConfigurationPlatforms) = postSolution
		{C4A5EDB9-BEEC-4832-AFE2-E43B5668F416}.Debug|Any CPU.ActiveCfg = Debug|Any CPU
		{C4A5EDB9-BEEC-4832-AFE2-E43B5668F416}.Debug|Any CPU.Build.0 = Debug|Any CPU
		{C4A5EDB9-BEEC-4832-AFE2-E43B5668F416}.Release|Any CPU.ActiveCfg = Release|Any CPU
		{C4A5EDB9-BEEC-4832-AFE2-E43B5668F416}.Release|Any CPU.Build.0 = Release|Any CPU
	EndGlobalSection
	GlobalSection(SolutionProperties) = preSolution
		HideSolutionNode = FALSE
	EndGlobalSection
	GlobalSection(ExtensibilityGlobals) = postSolution
		SolutionGuid = {B7E31D5D-C84B-4628-AE19-2BFCEA342020}
	EndGlobalSection
EndGlobal
